
Microsoft Visual Studio Solution File, Format Version 12.00
# Visual Studio Version 17
VisualStudioVersion = 17.5.33627.172
MinimumVisualStudioVersion = 10.0.40219.1
Project("{FAE04EC0-301F-11D3-BF4B-00C04F79EFBC}") = "Bilibili.Live.Checker", "Bilibili.Live.Checker\Bilibili.Live.Checker.csproj", "{CADD7B54-511D-4340-BC58-3ACE4E5F6437}"
EndProject
Global
	GlobalSection(SolutionConfigurationPlatforms) = preSolution
		Debug|Any CPU = Debug|Any CPU
		Release|Any CPU = Release|Any CPU
	EndGlobalSection
	GlobalSection(ProjectConfigurationPlatforms) = postSolution
		{CADD7B54-511D-4340-BC58-3ACE4E5F6437}.Debug|Any CPU.ActiveCfg = Debug|Any CPU
		{CADD7B54-511D-4340-BC58-3ACE4E5F6437}.Debug|Any CPU.Build.0 = Debug|Any CPU
		{CADD7B54-511D-4340-BC58-3ACE4E5F6437}.Release|Any CPU.ActiveCfg = Release|Any CPU
		{CADD7B54-511D-4340-BC58-3ACE4E5F6437}.Release|Any CPU.Build.0 = Release|Any CPU
	EndGlobalSection
	GlobalSection(SolutionProperties) = preSolution
		HideSolutionNode = FALSE
	EndGlobalSection
	GlobalSection(ExtensibilityGlobals) = postSolution
		SolutionGuid = {1097A9BF-4D19-408C-A968-A626E81592AB}
	EndGlobalSection
EndGlobal
